PODS:
  - Alamofire (5.5.0)
  - KakaoSDK (2.9.0):
    - KakaoSDKAuth (= 2.9.0)
    - KakaoSDKCommon (= 2.9.0)
    - KakaoSDKLink (= 2.9.0)
    - KakaoSDKNavi (= 2.9.0)
    - KakaoSDKStory (= 2.9.0)
    - KakaoSDKTalk (= 2.9.0)
    - KakaoSDKTemplate (= 2.9.0)
    - KakaoSDKUser (= 2.9.0)
  - KakaoSDKAuth (2.9.0):
    - KakaoSDKCommon (= 2.9.0)
  - KakaoSDKCommon (2.9.0):
    - KakaoSDKCommon/Common (= 2.9.0)
    - KakaoSDKCommon/Network (= 2.9.0)
  - KakaoSDKCommon/Common (2.9.0)
  - KakaoSDKCommon/Network (2.9.0):
    - Alamofire (~> 5.1)
    - KakaoSDKCommon/Common (= 2.9.0)
  - KakaoSDKLink (2.9.0):
    - KakaoSDKCommon (= 2.9.0)
    - KakaoSDKTemplate (= 2.9.0)
  - KakaoSDKNavi (2.9.0):
    - KakaoSDKCommon/Common (= 2.9.0)
  - KakaoSDKStory (2.9.0):
    - KakaoSDKUser (= 2.9.0)
  - KakaoSDKTalk (2.9.0):
    - KakaoSDKTemplate (= 2.9.0)
    - KakaoSDKUser (= 2.9.0)
  - KakaoSDKTemplate (2.9.0):
    - KakaoSDKCommon/Common (= 2.9.0)
  - KakaoSDKUser (2.9.0):
    - KakaoSDKAuth (= 2.9.0)

DEPENDENCIES:
  - KakaoSDK

SPEC REPOS:
  trunk:
    - Alamofire
    - KakaoSDK
    - KakaoSDKAuth
    - KakaoSDKCommon
    - KakaoSDKLink
    - KakaoSDKNavi
    - KakaoSDKStory
    - KakaoSDKTalk
    - KakaoSDKTemplate
    - KakaoSDKUser

SPEC CHECKSUMS:
  Alamofire: 1c4fb5369c3fe93d2857c780d8bbe09f06f97e7c
  KakaoSDK: d5a5a38ebf4da97beeecf100ac3dc9a020e19648
  KakaoSDKAuth: 5d9eec3317320dc60015ba8d597b2ad32fc70b1a
  KakaoSDKCommon: aaed06bb779b92cd6f5c35e94160d4ecfaaac511
  KakaoSDKLink: 575d1119427a7b278eb49da656f8d648a0a94411
  KakaoSDKNavi: 8b767610d59fc044f1f5df3f29c89688a446a1fc
  KakaoSDKStory: a494a364a3539601289d01aadd117f165f39d7b2
  KakaoSDKTalk: b0ac197fd7fce4afc9af3f012c1abee7f053c910
  KakaoSDKTemplate: eaf03ad5e44d374cbfff85588552a5627cd0519c
  KakaoSDKUser: 37e92bfc1d36b339420952080a8d31c217a38a63

PODFILE CHECKSUM: af0ddf9cfaa0e5f42876285ac9fd0f24baa7ed60

COCOAPODS: 1.11.2
