PODS:
  - Alamofire (5.6.4)
  - KakaoSDKAuth (2.13.1):
    - KakaoSDKCommon (= 2.13.1)
  - KakaoSDKCommon (2.13.1):
    - KakaoSDKCommon/Common (= 2.13.1)
    - KakaoSDKCommon/Network (= 2.13.1)
  - KakaoSDKCommon/Common (2.13.1)
  - KakaoSDKCommon/Network (2.13.1):
    - Alamofire (~> 5.1)
    - KakaoSDKCommon/Common (= 2.13.1)
  - KakaoSDKUser (2.13.1):
    - KakaoSDKAuth (= 2.13.1)
  - Pageboy (3.6.2)
  - Tabman (2.12.0):
    - Pageboy (~> 3.6.0)

DEPENDENCIES:
  - Alamofire (~> 5.5)
  - KakaoSDKAuth
  - KakaoSDKCommon
  - KakaoSDKUser
  - Tabman (~> 2.9)

SPEC REPOS:
  trunk:
    - Alamofire
    - KakaoSDKAuth
    - KakaoSDKCommon
    - KakaoSDKUser
    - Pageboy
    - Tabman

SPEC CHECKSUMS:
  Alamofire: 4e95d97098eacb88856099c4fc79b526a299e48c
  KakaoSDKAuth: d9de0cb0c723441ced3616d481952bde34438dcb
  KakaoSDKCommon: a16807e19984a0a208c3117c7ef117f101a9a128
  KakaoSDKUser: 92d34cf6af7b123c22a7ee44424332123e356901
  Pageboy: cf121b9dd48c63f3f281b2a9ec93d02e0f23879b
  Tabman: 447a50447ed2869c39ab3b1a779327e43e067c4e

PODFILE CHECKSUM: f7def7b08046eb76833fd16c1e20bf6f4e53e8d3

COCOAPODS: 1.11.3
